
Microsoft Visual Studio Solution File, Format Version 12.00
# Visual Studio Version 17
VisualStudioVersion = 17.5.002.0
MinimumVisualStudioVersion = 10.0.40219.1
Project("{9A19103F-16F7-4668-BE54-9A1E7A4F7556}") = "Operators", "Operators\Operators.csproj", "{6D31A213-4791-4AE7-B0F9-25C98D7E4513}"
EndProject
Project("{FAE04EC0-301F-11D3-BF4B-00C04F79EFBC}") = "BitwiseAndShiftOperators", "BitwiseAndShiftOperators\BitwiseAndShiftOperators.csproj", "{521F5881-09FF-4C4C-988B-7FB1EF7BBC1D}"
EndProject
Project("{FAE04EC0-301F-11D3-BF4B-00C04F79EFBC}") = "SelectionStatements", "SelectionStatements\SelectionStatements.csproj", "{D076566A-FCD2-490E-9C6F-4D119D078AAF}"
EndProject
Project("{FAE04EC0-301F-11D3-BF4B-00C04F79EFBC}") = "IterationStatements", "IterationStatements\IterationStatements.csproj", "{88D18742-F2F4-4F21-BE46-CBE91AA204B4}"
EndProject
Project("{FAE04EC0-301F-11D3-BF4B-00C04F79EFBC}") = "Arrays", "Arrays\Arrays.csproj", "{64E24379-30A7-479D-9589-223A28A6D376}"
EndProject
Project("{FAE04EC0-301F-11D3-BF4B-00C04F79EFBC}") = "CastingConverting", "CastingConverting\CastingConverting.csproj", "{9E93E9F1-4156-4E19-B7C1-05D757394868}"
EndProject
Project("{FAE04EC0-301F-11D3-BF4B-00C04F79EFBC}") = "HandingExceptions", "HandingExceptions\HandingExceptions.csproj", "{5E86FD32-66B6-4DF9-8B15-4EF93DDAABDF}"
EndProject
Project("{FAE04EC0-301F-11D3-BF4B-00C04F79EFBC}") = "CheckingForOverflow", "CheckingForOverflow\CheckingForOverflow.csproj", "{2434065E-8EB9-4BE9-A848-2D5E68FE1874}"
EndProject
Global
	GlobalSection(SolutionConfigurationPlatforms) = preSolution
		Debug|Any CPU = Debug|Any CPU
		Release|Any CPU = Release|Any CPU
	EndGlobalSection
	GlobalSection(ProjectConfigurationPlatforms) = postSolution
		{6D31A213-4791-4AE7-B0F9-25C98D7E4513}.Debug|Any CPU.ActiveCfg = Debug|Any CPU
		{6D31A213-4791-4AE7-B0F9-25C98D7E4513}.Debug|Any CPU.Build.0 = Debug|Any CPU
		{6D31A213-4791-4AE7-B0F9-25C98D7E4513}.Release|Any CPU.ActiveCfg = Release|Any CPU
		{6D31A213-4791-4AE7-B0F9-25C98D7E4513}.Release|Any CPU.Build.0 = Release|Any CPU
		{521F5881-09FF-4C4C-988B-7FB1EF7BBC1D}.Debug|Any CPU.ActiveCfg = Debug|Any CPU
		{521F5881-09FF-4C4C-988B-7FB1EF7BBC1D}.Debug|Any CPU.Build.0 = Debug|Any CPU
		{521F5881-09FF-4C4C-988B-7FB1EF7BBC1D}.Release|Any CPU.ActiveCfg = Release|Any CPU
		{521F5881-09FF-4C4C-988B-7FB1EF7BBC1D}.Release|Any CPU.Build.0 = Release|Any CPU
		{D076566A-FCD2-490E-9C6F-4D119D078AAF}.Debug|Any CPU.ActiveCfg = Debug|Any CPU
		{D076566A-FCD2-490E-9C6F-4D119D078AAF}.Debug|Any CPU.Build.0 = Debug|Any CPU
		{D076566A-FCD2-490E-9C6F-4D119D078AAF}.Release|Any CPU.ActiveCfg = Release|Any CPU
		{D076566A-FCD2-490E-9C6F-4D119D078AAF}.Release|Any CPU.Build.0 = Release|Any CPU
		{88D18742-F2F4-4F21-BE46-CBE91AA204B4}.Debug|Any CPU.ActiveCfg = Debug|Any CPU
		{88D18742-F2F4-4F21-BE46-CBE91AA204B4}.Debug|Any CPU.Build.0 = Debug|Any CPU
		{88D18742-F2F4-4F21-BE46-CBE91AA204B4}.Release|Any CPU.ActiveCfg = Release|Any CPU
		{88D18742-F2F4-4F21-BE46-CBE91AA204B4}.Release|Any CPU.Build.0 = Release|Any CPU
		{64E24379-30A7-479D-9589-223A28A6D376}.Debug|Any CPU.ActiveCfg = Debug|Any CPU
		{64E24379-30A7-479D-9589-223A28A6D376}.Debug|Any CPU.Build.0 = Debug|Any CPU
		{64E24379-30A7-479D-9589-223A28A6D376}.Release|Any CPU.ActiveCfg = Release|Any CPU
		{64E24379-30A7-479D-9589-223A28A6D376}.Release|Any CPU.Build.0 = Release|Any CPU
		{9E93E9F1-4156-4E19-B7C1-05D757394868}.Debug|Any CPU.ActiveCfg = Debug|Any CPU
		{9E93E9F1-4156-4E19-B7C1-05D757394868}.Debug|Any CPU.Build.0 = Debug|Any CPU
		{9E93E9F1-4156-4E19-B7C1-05D757394868}.Release|Any CPU.ActiveCfg = Release|Any CPU
		{9E93E9F1-4156-4E19-B7C1-05D757394868}.Release|Any CPU.Build.0 = Release|Any CPU
		{5E86FD32-66B6-4DF9-8B15-4EF93DDAABDF}.Debug|Any CPU.ActiveCfg = Debug|Any CPU
		{5E86FD32-66B6-4DF9-8B15-4EF93DDAABDF}.Debug|Any CPU.Build.0 = Debug|Any CPU
		{5E86FD32-66B6-4DF9-8B15-4EF93DDAABDF}.Release|Any CPU.ActiveCfg = Release|Any CPU
		{5E86FD32-66B6-4DF9-8B15-4EF93DDAABDF}.Release|Any CPU.Build.0 = Release|Any CPU
		{2434065E-8EB9-4BE9-A848-2D5E68FE1874}.Debug|Any CPU.ActiveCfg = Debug|Any CPU
		{2434065E-8EB9-4BE9-A848-2D5E68FE1874}.Debug|Any CPU.Build.0 = Debug|Any CPU
		{2434065E-8EB9-4BE9-A848-2D5E68FE1874}.Release|Any CPU.ActiveCfg = Release|Any CPU
		{2434065E-8EB9-4BE9-A848-2D5E68FE1874}.Release|Any CPU.Build.0 = Release|Any CPU
	EndGlobalSection
	GlobalSection(SolutionProperties) = preSolution
		HideSolutionNode = FALSE
	EndGlobalSection
	GlobalSection(ExtensibilityGlobals) = postSolution
		SolutionGuid = {ED397FB0-26D6-4057-886C-4A0CFF6EA24A}
	EndGlobalSection
EndGlobal
